
Microsoft Visual Studio Solution File, Format Version 12.00
# Visual Studio Version 17
VisualStudioVersion = 17.5.33424.131
MinimumVisualStudioVersion = 10.0.40219.1
Project("{FAE04EC0-301F-11D3-BF4B-00C04F79EFBC}") = "Proje_Hastane3", "Proje_Hastane3\Proje_Hastane3.csproj", "{5356CBB7-ECE2-4ED6-8B58-3F81E162E8FE}"
EndProject
Global
	GlobalSection(SolutionConfigurationPlatforms) = preSolution
		Debug|Any CPU = Debug|Any CPU
		Release|Any CPU = Release|Any CPU
	EndGlobalSection
	GlobalSection(ProjectConfigurationPlatforms) = postSolution
		{5356CBB7-ECE2-4ED6-8B58-3F81E162E8FE}.Debug|Any CPU.ActiveCfg = Debug|Any CPU
		{5356CBB7-ECE2-4ED6-8B58-3F81E162E8FE}.Debug|Any CPU.Build.0 = Debug|Any CPU
		{5356CBB7-ECE2-4ED6-8B58-3F81E162E8FE}.Release|Any CPU.ActiveCfg = Release|Any CPU
		{5356CBB7-ECE2-4ED6-8B58-3F81E162E8FE}.Release|Any CPU.Build.0 = Release|Any CPU
	EndGlobalSection
	GlobalSection(SolutionProperties) = preSolution
		HideSolutionNode = FALSE
	EndGlobalSection
	GlobalSection(ExtensibilityGlobals) = postSolution
		SolutionGuid = {BDEC2B39-03FC-4FE3-A7F9-D34E9C14E99C}
	EndGlobalSection
EndGlobal
